
Microsoft Visual Studio Solution File, Format Version 12.00
# Visual Studio Version 17
VisualStudioVersion = 17.5.002.0
MinimumVisualStudioVersion = 10.0.40219.1
Project("{9A19103F-16F7-4668-BE54-9A1E7A4F7556}") = "lexltu-net-todo-api", "lexltu-net-todo-api.csproj", "{08A40AFD-EAB9-4C42-9184-F709C94E0CB7}"
EndProject
Global
	GlobalSection(SolutionConfigurationPlatforms) = preSolution
		Debug|Any CPU = Debug|Any CPU
		Release|Any CPU = Release|Any CPU
	EndGlobalSection
	GlobalSection(ProjectConfigurationPlatforms) = postSolution
		{08A40AFD-EAB9-4C42-9184-F709C94E0CB7}.Debug|Any CPU.ActiveCfg = Debug|Any CPU
		{08A40AFD-EAB9-4C42-9184-F709C94E0CB7}.Debug|Any CPU.Build.0 = Debug|Any CPU
		{08A40AFD-EAB9-4C42-9184-F709C94E0CB7}.Release|Any CPU.ActiveCfg = Release|Any CPU
		{08A40AFD-EAB9-4C42-9184-F709C94E0CB7}.Release|Any CPU.Build.0 = Release|Any CPU
	EndGlobalSection
	GlobalSection(SolutionProperties) = preSolution
		HideSolutionNode = FALSE
	EndGlobalSection
	GlobalSection(ExtensibilityGlobals) = postSolution
		SolutionGuid = {CEEAB9D3-E243-49C3-A632-55A60BCD80E7}
	EndGlobalSection
EndGlobal
